
Microsoft Visual Studio Solution File, Format Version 12.00
# Visual Studio Version 17
VisualStudioVersion = 17.4.33122.133
MinimumVisualStudioVersion = 10.0.40219.1
Project("{FAE04EC0-301F-11D3-BF4B-00C04F79EFBC}") = "01-ByteBank", "01-ByteBank\01-ByteBank.csproj", "{EE46B496-AAA7-4638-B145-E27C85B1726D}"
EndProject
Project("{FAE04EC0-301F-11D3-BF4B-00C04F79EFBC}") = "02-ByteBank", "02-ByteBank\02-ByteBank.csproj", "{F7CDAB7D-AC6A-4C51-8880-ECC8872C86DE}"
EndProject
Global
	GlobalSection(SolutionConfigurationPlatforms) = preSolution
		Debug|Any CPU = Debug|Any CPU
		Release|Any CPU = Release|Any CPU
	EndGlobalSection
	GlobalSection(ProjectConfigurationPlatforms) = postSolution
		{EE46B496-AAA7-4638-B145-E27C85B1726D}.Debug|Any CPU.ActiveCfg = Debug|Any CPU
		{EE46B496-AAA7-4638-B145-E27C85B1726D}.Debug|Any CPU.Build.0 = Debug|Any CPU
		{EE46B496-AAA7-4638-B145-E27C85B1726D}.Release|Any CPU.ActiveCfg = Release|Any CPU
		{EE46B496-AAA7-4638-B145-E27C85B1726D}.Release|Any CPU.Build.0 = Release|Any CPU
		{F7CDAB7D-AC6A-4C51-8880-ECC8872C86DE}.Debug|Any CPU.ActiveCfg = Debug|Any CPU
		{F7CDAB7D-AC6A-4C51-8880-ECC8872C86DE}.Debug|Any CPU.Build.0 = Debug|Any CPU
		{F7CDAB7D-AC6A-4C51-8880-ECC8872C86DE}.Release|Any CPU.ActiveCfg = Release|Any CPU
		{F7CDAB7D-AC6A-4C51-8880-ECC8872C86DE}.Release|Any CPU.Build.0 = Release|Any CPU
	EndGlobalSection
	GlobalSection(SolutionProperties) = preSolution
		HideSolutionNode = FALSE
	EndGlobalSection
	GlobalSection(ExtensibilityGlobals) = postSolution
		SolutionGuid = {72A6C962-3854-4670-865B-169C1DF3F635}
	EndGlobalSection
EndGlobal
